<?xml version="1.0" encoding="utf-8"?>
<Project ToolsVersion="4.0" xmlns="http://schemas.microsoft.com/developer/msbuild/2003">
  <ItemGroup>
    <Filter Include="Source Files">
      <UniqueIdentifier>{4FC737F1-C7A5-4376-A066-2A32D752A2FF}</UniqueIdentifier>
      <Extensions>cpp;c;cc;cxx;c++;cppm;ixx;def;odl;idl;hpj;bat;asm;asmx</Extensions>
    </Filter>
    <Filter Include="Header Files">
      <UniqueIdentifier>{93995380-89BD-4b04-88EB-625FBE52EBFB}</UniqueIdentifier>
      <Extensions>h;hh;hpp;hxx;h++;hm;inl;inc;ipp;xsd</Extensions>
    </Filter>
    <Filter Include="Resource Files">
      <UniqueIdentifier>{67DA6AB6-F800-4c08-8B7A-83BB121AAD01}</UniqueIdentifier>
      <Extensions>rc;ico;cur;bmp;dlg;rc2;rct;bin;rgs;gif;jpg;jpeg;jpe;resx;tiff;tif;png;wav;mfcribbon-ms</Extensions>
    </Filter>
    <Filter Include="Source Files\Conditional Operator">
      <UniqueIdentifier>{477a0bc8-ecc1-4aa9-a059-d8784cff287e}</UniqueIdentifier>
    </Filter>
    <Filter Include="Source Files\Conditional Operator\src">
      <UniqueIdentifier>{210e78f2-fcec-41f5-85de-4a2d3f70cbfa}</UniqueIdentifier>
    </Filter>
    <Filter Include="Source Files\UsingDcl1">
      <UniqueIdentifier>{81d15b28-71f7-4c25-b0d8-e0872c76f4db}</UniqueIdentifier>
    </Filter>
    <Filter Include="Source Files\UsingDcl2">
      <UniqueIdentifier>{f7a9ad7f-1b8a-471c-ba75-58ba926afd37}</UniqueIdentifier>
    </Filter>
    <Filter Include="Source Files\UsingDcl3">
      <UniqueIdentifier>{c31f3078-2de3-40ad-b1c6-447893b7ad92}</UniqueIdentifier>
    </Filter>
    <Filter Include="Source Files\NameAlias">
      <UniqueIdentifier>{1d219f4d-62bc-49a1-9699-edd90a72caf9}</UniqueIdentifier>
    </Filter>
    <Filter Include="Source Files\BankingSystemVer01">
      <UniqueIdentifier>{e49d0917-6602-4061-bf66-8bfb653cbf8b}</UniqueIdentifier>
    </Filter>
  </ItemGroup>
  <ItemGroup>
    <ClCompile Include="BankingSystemVer01.cpp">
      <Filter>Source Files\BankingSystemVer01</Filter>
    </ClCompile>
  </ItemGroup>
</Project>